
Microsoft Visual Studio Solution File, Format Version 12.00
# Visual Studio 15
VisualStudioVersion = 15.0.27130.2003
MinimumVisualStudioVersion = 10.0.40219.1
Project("{FAE04EC0-301F-11D3-BF4B-00C04F79EFBC}") = "Capstone.Web", "Capstone.Web\Capstone.Web.csproj", "{EB84D678-4BD1-4585-A956-7079BBB6CAA6}"
EndProject
Project("{2150E333-8FDC-42A3-9474-1A3956D46DE8}") = "Acceptance Tests", "Acceptance Tests", "{E0A981CE-9D60-4602-8A2E-A92A660B7260}"
EndProject
Global
	GlobalSection(SolutionConfigurationPlatforms) = preSolution
		Debug|Any CPU = Debug|Any CPU
		Release|Any CPU = Release|Any CPU
	EndGlobalSection
	GlobalSection(ProjectConfigurationPlatforms) = postSolution
		{EB84D678-4BD1-4585-A956-7079BBB6CAA6}.Debug|Any CPU.ActiveCfg = Debug|Any CPU
		{EB84D678-4BD1-4585-A956-7079BBB6CAA6}.Debug|Any CPU.Build.0 = Debug|Any CPU
		{EB84D678-4BD1-4585-A956-7079BBB6CAA6}.Release|Any CPU.ActiveCfg = Release|Any CPU
		{EB84D678-4BD1-4585-A956-7079BBB6CAA6}.Release|Any CPU.Build.0 = Release|Any CPU
	EndGlobalSection
	GlobalSection(SolutionProperties) = preSolution
		HideSolutionNode = FALSE
	EndGlobalSection
	GlobalSection(ExtensibilityGlobals) = postSolution
		SolutionGuid = {8500BAE5-B8AE-4F66-BB43-D89803429E82}
	EndGlobalSection
EndGlobal
